dependencies:
- name: ingestor-server
  repository: ""
  version: v2.1.0
- name: frontend
  repository: ""
  version: v2.1.0
- name: nim-llm
  repository: https://helm.ngc.nvidia.com/nim
  version: 1.7.0
- name: nvidia-nim-llama-32-nv-embedqa-1b-v2
  repository: https://helm.ngc.nvidia.com/nim/nvidia
  version: 1.5.0
- name: text-reranking-nim
  repository: https://helm.ngc.nvidia.com/nim/nvidia
  version: 1.3.0
- name: zipkin
  repository: https://zipkin.io/zipkin-helm
  version: 0.1.2
- name: opentelemetry-collector
  repository: https://open-telemetry.github.io/opentelemetry-helm-charts
  version: 0.78.1
- name: kube-prometheus-stack
  repository: https://prometheus-community.github.io/helm-charts
  version: 69.7.2
digest: sha256:7344cd0c8f74d37ac2c92a7445bcd7280b36aa34c9700f512639896526f1a818
generated: "2025-05-02T13:59:53.047058911+05:30"
